{
  "requires": true,
  "lockfileVersion": 1,
  "dependencies": {
    "react-native-dialog": {
      "version": "9.1.2",
      "resolved": "https://registry.npmjs.org/react-native-dialog/-/react-native-dialog-9.1.2.tgz",
      "integrity": "sha512-J3TfhvUIfBobSl4LF2sCa2pgXXvk7Ql0OKoBXwbJKAuiPa63WWSg4s0w1Zd3WhUQu/BbizwEXYrWLmizW2tizA=="
    }
  }
}
